
Microsoft Visual Studio Solution File, Format Version 12.00
# Visual Studio Version 17
VisualStudioVersion = 17.14.36221.1 d17.14
MinimumVisualStudioVersion = 10.0.40219.1
Project("{FAE04EC0-301F-11D3-BF4B-00C04F79EFBC}") = "Personel_Kayit", "Personel_Kayit\Personel_Kayit.csproj", "{8A4B8D35-99B1-40DD-A047-B8119912C0A6}"
EndProject
Global
	GlobalSection(SolutionConfigurationPlatforms) = preSolution
		Debug|Any CPU = Debug|Any CPU
		Release|Any CPU = Release|Any CPU
	EndGlobalSection
	GlobalSection(ProjectConfigurationPlatforms) = postSolution
		{8A4B8D35-99B1-40DD-A047-B8119912C0A6}.Debug|Any CPU.ActiveCfg = Debug|Any CPU
		{8A4B8D35-99B1-40DD-A047-B8119912C0A6}.Debug|Any CPU.Build.0 = Debug|Any CPU
		{8A4B8D35-99B1-40DD-A047-B8119912C0A6}.Release|Any CPU.ActiveCfg = Release|Any CPU
		{8A4B8D35-99B1-40DD-A047-B8119912C0A6}.Release|Any CPU.Build.0 = Release|Any CPU
	EndGlobalSection
	GlobalSection(SolutionProperties) = preSolution
		HideSolutionNode = FALSE
	EndGlobalSection
	GlobalSection(ExtensibilityGlobals) = postSolution
		SolutionGuid = {58F5F8FD-4EEF-4F1A-9717-198B90A57CF8}
	EndGlobalSection
EndGlobal
